
Microsoft Visual Studio Solution File, Format Version 12.00
# Visual Studio Version 17
VisualStudioVersion = 17.12.35527.113 d17.12
MinimumVisualStudioVersion = 10.0.40219.1
Project("{FAE04EC0-301F-11D3-BF4B-00C04F79EFBC}") = "Calculator_MiniProject", "Calculator_MiniProject\Calculator_MiniProject.csproj", "{AFD04FAF-A101-4359-AC47-BABA003E5002}"
EndProject
Global
	GlobalSection(SolutionConfigurationPlatforms) = preSolution
		Debug|Any CPU = Debug|Any CPU
		Release|Any CPU = Release|Any CPU
	EndGlobalSection
	GlobalSection(ProjectConfigurationPlatforms) = postSolution
		{AFD04FAF-A101-4359-AC47-BABA003E5002}.Debug|Any CPU.ActiveCfg = Debug|Any CPU
		{AFD04FAF-A101-4359-AC47-BABA003E5002}.Debug|Any CPU.Build.0 = Debug|Any CPU
		{AFD04FAF-A101-4359-AC47-BABA003E5002}.Release|Any CPU.ActiveCfg = Release|Any CPU
		{AFD04FAF-A101-4359-AC47-BABA003E5002}.Release|Any CPU.Build.0 = Release|Any CPU
	EndGlobalSection
	GlobalSection(SolutionProperties) = preSolution
		HideSolutionNode = FALSE
	EndGlobalSection
EndGlobal
